
Microsoft Visual Studio Solution File, Format Version 12.00
# Visual Studio Version 17
VisualStudioVersion = 17.2.32616.157
MinimumVisualStudioVersion = 10.0.40219.1
Project("{9A19103F-16F7-4668-BE54-9A1E7A4F7556}") = "ShoppingCart_V1", "Version1\ShoppingCart_V1.csproj", "{03DD0E1F-9FA3-4CFC-9C8E-947BACC78779}"
EndProject
Project("{9A19103F-16F7-4668-BE54-9A1E7A4F7556}") = "ShoppingCart_V2", "Version2\ShoppingCart_V2.csproj", "{F0C5DD96-A3EE-4C27-8767-13EB269BFE8A}"
EndProject
Project("{9A19103F-16F7-4668-BE54-9A1E7A4F7556}") = "ShoppingCart_V3", "Version3\ShoppingCart_V3.csproj", "{F2872EB6-A95E-4B79-BC0E-6372703ECFF0}"
EndProject
Project("{9A19103F-16F7-4668-BE54-9A1E7A4F7556}") = "ShoppingCart_V4", "Version4\ShoppingCart_V4.csproj", "{2686D94B-BED2-4157-9BE7-7FF54D63D2F6}"
EndProject
Project("{9A19103F-16F7-4668-BE54-9A1E7A4F7556}") = "ShoppingCart_V5", "Version5\ShoppingCart_V5.csproj", "{A8E1D213-4760-4579-BD9E-673BB7B98A2B}"
EndProject
Global
	GlobalSection(SolutionConfigurationPlatforms) = preSolution
		Debug|Any CPU = Debug|Any CPU
		Release|Any CPU = Release|Any CPU
	EndGlobalSection
	GlobalSection(ProjectConfigurationPlatforms) = postSolution
		{03DD0E1F-9FA3-4CFC-9C8E-947BACC78779}.Debug|Any CPU.ActiveCfg = Debug|Any CPU
		{03DD0E1F-9FA3-4CFC-9C8E-947BACC78779}.Debug|Any CPU.Build.0 = Debug|Any CPU
		{03DD0E1F-9FA3-4CFC-9C8E-947BACC78779}.Release|Any CPU.ActiveCfg = Release|Any CPU
		{03DD0E1F-9FA3-4CFC-9C8E-947BACC78779}.Release|Any CPU.Build.0 = Release|Any CPU
		{F0C5DD96-A3EE-4C27-8767-13EB269BFE8A}.Debug|Any CPU.ActiveCfg = Debug|Any CPU
		{F0C5DD96-A3EE-4C27-8767-13EB269BFE8A}.Debug|Any CPU.Build.0 = Debug|Any CPU
		{F0C5DD96-A3EE-4C27-8767-13EB269BFE8A}.Release|Any CPU.ActiveCfg = Release|Any CPU
		{F0C5DD96-A3EE-4C27-8767-13EB269BFE8A}.Release|Any CPU.Build.0 = Release|Any CPU
		{F2872EB6-A95E-4B79-BC0E-6372703ECFF0}.Debug|Any CPU.ActiveCfg = Debug|Any CPU
		{F2872EB6-A95E-4B79-BC0E-6372703ECFF0}.Debug|Any CPU.Build.0 = Debug|Any CPU
		{F2872EB6-A95E-4B79-BC0E-6372703ECFF0}.Release|Any CPU.ActiveCfg = Release|Any CPU
		{F2872EB6-A95E-4B79-BC0E-6372703ECFF0}.Release|Any CPU.Build.0 = Release|Any CPU
		{2686D94B-BED2-4157-9BE7-7FF54D63D2F6}.Debug|Any CPU.ActiveCfg = Debug|Any CPU
		{2686D94B-BED2-4157-9BE7-7FF54D63D2F6}.Debug|Any CPU.Build.0 = Debug|Any CPU
		{2686D94B-BED2-4157-9BE7-7FF54D63D2F6}.Release|Any CPU.ActiveCfg = Release|Any CPU
		{2686D94B-BED2-4157-9BE7-7FF54D63D2F6}.Release|Any CPU.Build.0 = Release|Any CPU
		{A8E1D213-4760-4579-BD9E-673BB7B98A2B}.Debug|Any CPU.ActiveCfg = Debug|Any CPU
		{A8E1D213-4760-4579-BD9E-673BB7B98A2B}.Debug|Any CPU.Build.0 = Debug|Any CPU
		{A8E1D213-4760-4579-BD9E-673BB7B98A2B}.Release|Any CPU.ActiveCfg = Release|Any CPU
		{A8E1D213-4760-4579-BD9E-673BB7B98A2B}.Release|Any CPU.Build.0 = Release|Any CPU
	EndGlobalSection
	GlobalSection(SolutionProperties) = preSolution
		HideSolutionNode = FALSE
	EndGlobalSection
	GlobalSection(ExtensibilityGlobals) = postSolution
		SolutionGuid = {980015E2-0A42-468F-BB70-4396911429EA}
	EndGlobalSection
EndGlobal
